{
  "name": "justalanime-wrapper",
  "version": "1.0.0",
  "lockfileVersion": 3,
  "requires": true,
  "packages": {
    "": {
      "name": "justalanime-wrapper",
      "version": "1.0.0",
      "dependencies": {
        "@justalk/anime-api": "^1.0.0"
      }
    },
    "node_modules/@justalk/anime-api": {
      "version": "1.0.0",
      "resolved": "https://registry.npmjs.org/@justalk/anime-api/-/anime-api-1.0.0.tgz",
      "integrity": "sha512-y7XqeC5YCtvcEajBMMNNXJkfHN+wD474W6nAbSwchecwesllmAWgmm0oevHW+/cY8vKXttDv2cZPvB0QUBjb5g==",
      "license": "MIT"
    }
  }
}
